
Microsoft Visual Studio Solution File, Format Version 12.00
# Visual Studio 14
VisualStudioVersion = 14.0.25420.1
MinimumVisualStudioVersion = 10.0.40219.1
Project("{FAE04EC0-301F-11D3-BF4B-00C04F79EFBC}") = "01.SoftuniCoffeeOrders", "01.SoftuniCoffeeOrders\01.SoftuniCoffeeOrders.csproj", "{CB50BD4F-6896-4BED-8BB3-E2F1B0A28AB5}"
EndProject
Project("{FAE04EC0-301F-11D3-BF4B-00C04F79EFBC}") = "02.CommandInterpreter", "02.CommandInterpreter\02.CommandInterpreter.csproj", "{A8B9ECED-F3F7-4735-A302-55E02EAC1261}"
EndProject
Project("{FAE04EC0-301F-11D3-BF4B-00C04F79EFBC}") = "03.RageQuit", "03.RageQuit\03.RageQuit.csproj", "{537C96E4-D950-4232-A09D-A93A0023711B}"
EndProject
Project("{FAE04EC0-301F-11D3-BF4B-00C04F79EFBC}") = "04.Files", "04.Files\04.Files.csproj", "{C0EB848B-E15B-4F98-8C3D-B85345FC26BD}"
EndProject
Global
	GlobalSection(SolutionConfigurationPlatforms) = preSolution
		Debug|Any CPU = Debug|Any CPU
		Release|Any CPU = Release|Any CPU
	EndGlobalSection
	GlobalSection(ProjectConfigurationPlatforms) = postSolution
		{CB50BD4F-6896-4BED-8BB3-E2F1B0A28AB5}.Debug|Any CPU.ActiveCfg = Debug|Any CPU
		{CB50BD4F-6896-4BED-8BB3-E2F1B0A28AB5}.Debug|Any CPU.Build.0 = Debug|Any CPU
		{CB50BD4F-6896-4BED-8BB3-E2F1B0A28AB5}.Release|Any CPU.ActiveCfg = Release|Any CPU
		{CB50BD4F-6896-4BED-8BB3-E2F1B0A28AB5}.Release|Any CPU.Build.0 = Release|Any CPU
		{A8B9ECED-F3F7-4735-A302-55E02EAC1261}.Debug|Any CPU.ActiveCfg = Debug|Any CPU
		{A8B9ECED-F3F7-4735-A302-55E02EAC1261}.Debug|Any CPU.Build.0 = Debug|Any CPU
		{A8B9ECED-F3F7-4735-A302-55E02EAC1261}.Release|Any CPU.ActiveCfg = Release|Any CPU
		{A8B9ECED-F3F7-4735-A302-55E02EAC1261}.Release|Any CPU.Build.0 = Release|Any CPU
		{537C96E4-D950-4232-A09D-A93A0023711B}.Debug|Any CPU.ActiveCfg = Debug|Any CPU
		{537C96E4-D950-4232-A09D-A93A0023711B}.Debug|Any CPU.Build.0 = Debug|Any CPU
		{537C96E4-D950-4232-A09D-A93A0023711B}.Release|Any CPU.ActiveCfg = Release|Any CPU
		{537C96E4-D950-4232-A09D-A93A0023711B}.Release|Any CPU.Build.0 = Release|Any CPU
		{C0EB848B-E15B-4F98-8C3D-B85345FC26BD}.Debug|Any CPU.ActiveCfg = Debug|Any CPU
		{C0EB848B-E15B-4F98-8C3D-B85345FC26BD}.Debug|Any CPU.Build.0 = Debug|Any CPU
		{C0EB848B-E15B-4F98-8C3D-B85345FC26BD}.Release|Any CPU.ActiveCfg = Release|Any CPU
		{C0EB848B-E15B-4F98-8C3D-B85345FC26BD}.Release|Any CPU.Build.0 = Release|Any CPU
	EndGlobalSection
	GlobalSection(SolutionProperties) = preSolution
		HideSolutionNode = FALSE
	EndGlobalSection
EndGlobal
