
Microsoft Visual Studio Solution File, Format Version 12.00
# Visual Studio 14
VisualStudioVersion = 14.0.25420.1
MinimumVisualStudioVersion = 10.0.40219.1
Project("{FAE04EC0-301F-11D3-BF4B-00C04F79EFBC}") = "01.RabbitHole", "01.RabbitHole\01.RabbitHole.csproj", "{478C4462-01E7-4371-8407-CE0F2F167BDF}"
EndProject
Project("{FAE04EC0-301F-11D3-BF4B-00C04F79EFBC}") = "02.JapaneseRoulette", "02.JapaneseRoulette\02.JapaneseRoulette.csproj", "{DDAFB978-240B-4CFA-8149-B74142D3315F}"
EndProject
Project("{FAE04EC0-301F-11D3-BF4B-00C04F79EFBC}") = "03.IncreasingCrisis", "03.IncreasingCrisis\03.IncreasingCrisis.csproj", "{CC17FB70-F449-47D5-A1DD-13DBE067AD4E}"
EndProject
Global
	GlobalSection(SolutionConfigurationPlatforms) = preSolution
		Debug|Any CPU = Debug|Any CPU
		Release|Any CPU = Release|Any CPU
	EndGlobalSection
	GlobalSection(ProjectConfigurationPlatforms) = postSolution
		{478C4462-01E7-4371-8407-CE0F2F167BDF}.Debug|Any CPU.ActiveCfg = Debug|Any CPU
		{478C4462-01E7-4371-8407-CE0F2F167BDF}.Debug|Any CPU.Build.0 = Debug|Any CPU
		{478C4462-01E7-4371-8407-CE0F2F167BDF}.Release|Any CPU.ActiveCfg = Release|Any CPU
		{478C4462-01E7-4371-8407-CE0F2F167BDF}.Release|Any CPU.Build.0 = Release|Any CPU
		{DDAFB978-240B-4CFA-8149-B74142D3315F}.Debug|Any CPU.ActiveCfg = Debug|Any CPU
		{DDAFB978-240B-4CFA-8149-B74142D3315F}.Debug|Any CPU.Build.0 = Debug|Any CPU
		{DDAFB978-240B-4CFA-8149-B74142D3315F}.Release|Any CPU.ActiveCfg = Release|Any CPU
		{DDAFB978-240B-4CFA-8149-B74142D3315F}.Release|Any CPU.Build.0 = Release|Any CPU
		{CC17FB70-F449-47D5-A1DD-13DBE067AD4E}.Debug|Any CPU.ActiveCfg = Debug|Any CPU
		{CC17FB70-F449-47D5-A1DD-13DBE067AD4E}.Debug|Any CPU.Build.0 = Debug|Any CPU
		{CC17FB70-F449-47D5-A1DD-13DBE067AD4E}.Release|Any CPU.ActiveCfg = Release|Any CPU
		{CC17FB70-F449-47D5-A1DD-13DBE067AD4E}.Release|Any CPU.Build.0 = Release|Any CPU
	EndGlobalSection
	GlobalSection(SolutionProperties) = preSolution
		HideSolutionNode = FALSE
	EndGlobalSection
EndGlobal
