
Microsoft Visual Studio Solution File, Format Version 12.00
# Visual Studio 14
VisualStudioVersion = 14.0.25420.1
MinimumVisualStudioVersion = 10.0.40219.1
Project("{FAE04EC0-301F-11D3-BF4B-00C04F79EFBC}") = "01.MinMaxSumAverage", "01.MinMaxSumAverage\01.MinMaxSumAverage.csproj", "{B214326F-12F6-4B05-B006-80CF1D18E67F}"
EndProject
Project("{FAE04EC0-301F-11D3-BF4B-00C04F79EFBC}") = "02.Largest3Numbers", "02.Largest3Numbers\02.Largest3Numbers.csproj", "{94F39244-17A3-4524-B428-7E64DCD68D72}"
EndProject
Project("{FAE04EC0-301F-11D3-BF4B-00C04F79EFBC}") = "03.ShortWordsSorted", "03.ShortWordsSorted\03.ShortWordsSorted.csproj", "{4FECD7D9-6EF5-443F-BECE-137D9BF43204}"
EndProject
Project("{FAE04EC0-301F-11D3-BF4B-00C04F79EFBC}") = "04.FoldAndSum", "04.FoldAndSum\04.FoldAndSum.csproj", "{A5963311-359F-46D4-9621-54B498C27B02}"
EndProject
Global
	GlobalSection(SolutionConfigurationPlatforms) = preSolution
		Debug|Any CPU = Debug|Any CPU
		Release|Any CPU = Release|Any CPU
	EndGlobalSection
	GlobalSection(ProjectConfigurationPlatforms) = postSolution
		{B214326F-12F6-4B05-B006-80CF1D18E67F}.Debug|Any CPU.ActiveCfg = Debug|Any CPU
		{B214326F-12F6-4B05-B006-80CF1D18E67F}.Debug|Any CPU.Build.0 = Debug|Any CPU
		{B214326F-12F6-4B05-B006-80CF1D18E67F}.Release|Any CPU.ActiveCfg = Release|Any CPU
		{B214326F-12F6-4B05-B006-80CF1D18E67F}.Release|Any CPU.Build.0 = Release|Any CPU
		{94F39244-17A3-4524-B428-7E64DCD68D72}.Debug|Any CPU.ActiveCfg = Debug|Any CPU
		{94F39244-17A3-4524-B428-7E64DCD68D72}.Debug|Any CPU.Build.0 = Debug|Any CPU
		{94F39244-17A3-4524-B428-7E64DCD68D72}.Release|Any CPU.ActiveCfg = Release|Any CPU
		{94F39244-17A3-4524-B428-7E64DCD68D72}.Release|Any CPU.Build.0 = Release|Any CPU
		{4FECD7D9-6EF5-443F-BECE-137D9BF43204}.Debug|Any CPU.ActiveCfg = Debug|Any CPU
		{4FECD7D9-6EF5-443F-BECE-137D9BF43204}.Debug|Any CPU.Build.0 = Debug|Any CPU
		{4FECD7D9-6EF5-443F-BECE-137D9BF43204}.Release|Any CPU.ActiveCfg = Release|Any CPU
		{4FECD7D9-6EF5-443F-BECE-137D9BF43204}.Release|Any CPU.Build.0 = Release|Any CPU
		{A5963311-359F-46D4-9621-54B498C27B02}.Debug|Any CPU.ActiveCfg = Debug|Any CPU
		{A5963311-359F-46D4-9621-54B498C27B02}.Debug|Any CPU.Build.0 = Debug|Any CPU
		{A5963311-359F-46D4-9621-54B498C27B02}.Release|Any CPU.ActiveCfg = Release|Any CPU
		{A5963311-359F-46D4-9621-54B498C27B02}.Release|Any CPU.Build.0 = Release|Any CPU
	EndGlobalSection
	GlobalSection(SolutionProperties) = preSolution
		HideSolutionNode = FALSE
	EndGlobalSection
EndGlobal
