
Microsoft Visual Studio Solution File, Format Version 12.00
# Visual Studio 14
VisualStudioVersion = 14.0.25420.1
MinimumVisualStudioVersion = 10.0.40219.1
Project("{FAE04EC0-301F-11D3-BF4B-00C04F79EFBC}") = "01.SinoTheWalker", "01.SinoTheWalker\01.SinoTheWalker.csproj", "{F78EC912-7894-49B5-B27B-133E5D9BA0AB}"
EndProject
Project("{FAE04EC0-301F-11D3-BF4B-00C04F79EFBC}") = "02.SoftUniKaraoke", "02.SoftUniKaraoke\02.SoftUniKaraoke.csproj", "{06841ADD-6803-4E45-86FC-6E60333D743E}"
EndProject
Project("{FAE04EC0-301F-11D3-BF4B-00C04F79EFBC}") = "03.EnduranceRally", "03.EnduranceRally\03.EnduranceRally.csproj", "{B4A35C4A-CA42-4DB4-A03A-39990E9CC60C}"
EndProject
Project("{FAE04EC0-301F-11D3-BF4B-00C04F79EFBC}") = "04.WinningTicket", "04.WinningTicket\04.WinningTicket.csproj", "{F2A053F8-5029-419E-9D11-762635480E6F}"
EndProject
Global
	GlobalSection(SolutionConfigurationPlatforms) = preSolution
		Debug|Any CPU = Debug|Any CPU
		Release|Any CPU = Release|Any CPU
	EndGlobalSection
	GlobalSection(ProjectConfigurationPlatforms) = postSolution
		{F78EC912-7894-49B5-B27B-133E5D9BA0AB}.Debug|Any CPU.ActiveCfg = Debug|Any CPU
		{F78EC912-7894-49B5-B27B-133E5D9BA0AB}.Debug|Any CPU.Build.0 = Debug|Any CPU
		{F78EC912-7894-49B5-B27B-133E5D9BA0AB}.Release|Any CPU.ActiveCfg = Release|Any CPU
		{F78EC912-7894-49B5-B27B-133E5D9BA0AB}.Release|Any CPU.Build.0 = Release|Any CPU
		{06841ADD-6803-4E45-86FC-6E60333D743E}.Debug|Any CPU.ActiveCfg = Debug|Any CPU
		{06841ADD-6803-4E45-86FC-6E60333D743E}.Debug|Any CPU.Build.0 = Debug|Any CPU
		{06841ADD-6803-4E45-86FC-6E60333D743E}.Release|Any CPU.ActiveCfg = Release|Any CPU
		{06841ADD-6803-4E45-86FC-6E60333D743E}.Release|Any CPU.Build.0 = Release|Any CPU
		{B4A35C4A-CA42-4DB4-A03A-39990E9CC60C}.Debug|Any CPU.ActiveCfg = Debug|Any CPU
		{B4A35C4A-CA42-4DB4-A03A-39990E9CC60C}.Debug|Any CPU.Build.0 = Debug|Any CPU
		{B4A35C4A-CA42-4DB4-A03A-39990E9CC60C}.Release|Any CPU.ActiveCfg = Release|Any CPU
		{B4A35C4A-CA42-4DB4-A03A-39990E9CC60C}.Release|Any CPU.Build.0 = Release|Any CPU
		{F2A053F8-5029-419E-9D11-762635480E6F}.Debug|Any CPU.ActiveCfg = Debug|Any CPU
		{F2A053F8-5029-419E-9D11-762635480E6F}.Debug|Any CPU.Build.0 = Debug|Any CPU
		{F2A053F8-5029-419E-9D11-762635480E6F}.Release|Any CPU.ActiveCfg = Release|Any CPU
		{F2A053F8-5029-419E-9D11-762635480E6F}.Release|Any CPU.Build.0 = Release|Any CPU
	EndGlobalSection
	GlobalSection(SolutionProperties) = preSolution
		HideSolutionNode = FALSE
	EndGlobalSection
EndGlobal
