
Microsoft Visual Studio Solution File, Format Version 12.00
# Visual Studio 14
VisualStudioVersion = 14.0.25420.1
MinimumVisualStudioVersion = 10.0.40219.1
Project("{FAE04EC0-301F-11D3-BF4B-00C04F79EFBC}") = "01.LambadaExpressions", "01.LambadaExpressions\01.LambadaExpressions.csproj", "{9AD698B9-1B93-4ED0-9959-28AAD95BAB43}"
EndProject
Project("{FAE04EC0-301F-11D3-BF4B-00C04F79EFBC}") = "02.OrderedBankingSystem", "02.OrderedBankingSystem\02.OrderedBankingSystem.csproj", "{C51AE459-F33B-455A-B8CB-23FEFE54E303}"
EndProject
Project("{FAE04EC0-301F-11D3-BF4B-00C04F79EFBC}") = "03.LINQuistics", "03.LINQuistics\03.LINQuistics.csproj", "{2E0BB6BD-83CB-43DC-8694-16D9A2299F7D}"
EndProject
Global
	GlobalSection(SolutionConfigurationPlatforms) = preSolution
		Debug|Any CPU = Debug|Any CPU
		Release|Any CPU = Release|Any CPU
	EndGlobalSection
	GlobalSection(ProjectConfigurationPlatforms) = postSolution
		{9AD698B9-1B93-4ED0-9959-28AAD95BAB43}.Debug|Any CPU.ActiveCfg = Debug|Any CPU
		{9AD698B9-1B93-4ED0-9959-28AAD95BAB43}.Debug|Any CPU.Build.0 = Debug|Any CPU
		{9AD698B9-1B93-4ED0-9959-28AAD95BAB43}.Release|Any CPU.ActiveCfg = Release|Any CPU
		{9AD698B9-1B93-4ED0-9959-28AAD95BAB43}.Release|Any CPU.Build.0 = Release|Any CPU
		{C51AE459-F33B-455A-B8CB-23FEFE54E303}.Debug|Any CPU.ActiveCfg = Debug|Any CPU
		{C51AE459-F33B-455A-B8CB-23FEFE54E303}.Debug|Any CPU.Build.0 = Debug|Any CPU
		{C51AE459-F33B-455A-B8CB-23FEFE54E303}.Release|Any CPU.ActiveCfg = Release|Any CPU
		{C51AE459-F33B-455A-B8CB-23FEFE54E303}.Release|Any CPU.Build.0 = Release|Any CPU
		{2E0BB6BD-83CB-43DC-8694-16D9A2299F7D}.Debug|Any CPU.ActiveCfg = Debug|Any CPU
		{2E0BB6BD-83CB-43DC-8694-16D9A2299F7D}.Debug|Any CPU.Build.0 = Debug|Any CPU
		{2E0BB6BD-83CB-43DC-8694-16D9A2299F7D}.Release|Any CPU.ActiveCfg = Release|Any CPU
		{2E0BB6BD-83CB-43DC-8694-16D9A2299F7D}.Release|Any CPU.Build.0 = Release|Any CPU
	EndGlobalSection
	GlobalSection(SolutionProperties) = preSolution
		HideSolutionNode = FALSE
	EndGlobalSection
EndGlobal
