
Microsoft Visual Studio Solution File, Format Version 12.00
# Visual Studio 15
VisualStudioVersion = 15.0.26430.6
MinimumVisualStudioVersion = 10.0.40219.1
Project("{FAE04EC0-301F-11D3-BF4B-00C04F79EFBC}") = "01.MatrixOfPalindromes", "01.MatrixOfPalindromes\01.MatrixOfPalindromes.csproj", "{5747A1BB-3E48-4894-AB8E-C6565301113D}"
EndProject
Global
	GlobalSection(SolutionConfigurationPlatforms) = preSolution
		Debug|Any CPU = Debug|Any CPU
		Release|Any CPU = Release|Any CPU
	EndGlobalSection
	GlobalSection(ProjectConfigurationPlatforms) = postSolution
		{5747A1BB-3E48-4894-AB8E-C6565301113D}.Debug|Any CPU.ActiveCfg = Debug|Any CPU
		{5747A1BB-3E48-4894-AB8E-C6565301113D}.Debug|Any CPU.Build.0 = Debug|Any CPU
		{5747A1BB-3E48-4894-AB8E-C6565301113D}.Release|Any CPU.ActiveCfg = Release|Any CPU
		{5747A1BB-3E48-4894-AB8E-C6565301113D}.Release|Any CPU.Build.0 = Release|Any CPU
	EndGlobalSection
	GlobalSection(SolutionProperties) = preSolution
		HideSolutionNode = FALSE
	EndGlobalSection
EndGlobal
